
Microsoft Visual Studio Solution File, Format Version 12.00
# Visual Studio 2013
VisualStudioVersion = 12.0.21005.1
MinimumVisualStudioVersion = 10.0.40219.1
Project("{FAE04EC0-301F-11D3-BF4B-00C04F79EFBC}") = "MasterDetail.Touch", "MasterDetail.Touch\MasterDetail.Touch.csproj", "{6CEB559B-9C7E-47DE-9A57-AED792AE2FCF}"
EndProject
Project("{FAE04EC0-301F-11D3-BF4B-00C04F79EFBC}") = "MasterDetail.Droid", "MasterDetail.Droid\MasterDetail.Droid.csproj", "{10DA012A-9F1C-4498-8108-8FC19369A01D}"
EndProject
Project("{FAE04EC0-301F-11D3-BF4B-00C04F79EFBC}") = "MasterDetail.Phone", "MasterDetail.Phone\MasterDetail.Phone.csproj", "{5D95C35F-7364-47EB-982C-62132C2A9677}"
EndProject
Project("{FAE04EC0-301F-11D3-BF4B-00C04F79EFBC}") = "MasterDetail.Store", "MasterDetail.Store\MasterDetail.Store.csproj", "{8CB11AAE-6AD8-47DF-BD2C-725343F2C008}"
EndProject
Project("{FAE04EC0-301F-11D3-BF4B-00C04F79EFBC}") = "MasterDetail.Core", "MasterDetail.Core\MasterDetail.Core.csproj", "{61341F97-A67F-440D-9917-98BC9F8A724E}"
EndProject
Global
	GlobalSection(SolutionConfigurationPlatforms) = preSolution
		Ad-Hoc|Any CPU = Ad-Hoc|Any CPU
		Ad-Hoc|ARM = Ad-Hoc|ARM
		Ad-Hoc|iPhone = Ad-Hoc|iPhone
		Ad-Hoc|iPhoneSimulator = Ad-Hoc|iPhoneSimulator
		Ad-Hoc|Mixed Platforms = Ad-Hoc|Mixed Platforms
		Ad-Hoc|x64 = Ad-Hoc|x64
		Ad-Hoc|x86 = Ad-Hoc|x86
		AppStore|Any CPU = AppStore|Any CPU
		AppStore|ARM = AppStore|ARM
		AppStore|iPhone = AppStore|iPhone
		AppStore|iPhoneSimulator = AppStore|iPhoneSimulator
		AppStore|Mixed Platforms = AppStore|Mixed Platforms
		AppStore|x64 = AppStore|x64
		AppStore|x86 = AppStore|x86
		Debug|Any CPU = Debug|Any CPU
		Debug|ARM = Debug|ARM
		Debug|iPhone = Debug|iPhone
		Debug|iPhoneSimulator = Debug|iPhoneSimulator
		Debug|Mixed Platforms = Debug|Mixed Platforms
		Debug|x64 = Debug|x64
		Debug|x86 = Debug|x86
		Release|Any CPU = Release|Any CPU
		Release|ARM = Release|ARM
		Release|iPhone = Release|iPhone
		Release|iPhoneSimulator = Release|iPhoneSimulator
		Release|Mixed Platforms = Release|Mixed Platforms
		Release|x64 = Release|x64
		Release|x86 = Release|x86
	EndGlobalSection
	GlobalSection(ProjectConfigurationPlatforms) = postSolution
		{6CEB559B-9C7E-47DE-9A57-AED792AE2FCF}.Ad-Hoc|Any CPU.ActiveCfg = Ad-Hoc|Any CPU
		{6CEB559B-9C7E-47DE-9A57-AED792AE2FCF}.Ad-Hoc|Any CPU.Build.0 = Ad-Hoc|Any CPU
		{6CEB559B-9C7E-47DE-9A57-AED792AE2FCF}.Ad-Hoc|ARM.ActiveCfg = Ad-Hoc|Any CPU
		{6CEB559B-9C7E-47DE-9A57-AED792AE2FCF}.Ad-Hoc|iPhone.ActiveCfg = Ad-Hoc|iPhone
		{6CEB559B-9C7E-47DE-9A57-AED792AE2FCF}.Ad-Hoc|iPhone.Build.0 = Ad-Hoc|iPhone
		{6CEB559B-9C7E-47DE-9A57-AED792AE2FCF}.Ad-Hoc|iPhoneSimulator.ActiveCfg = Ad-Hoc|iPhoneSimulator
		{6CEB559B-9C7E-47DE-9A57-AED792AE2FCF}.Ad-Hoc|iPhoneSimulator.Build.0 = Ad-Hoc|iPhoneSimulator
		{6CEB559B-9C7E-47DE-9A57-AED792AE2FCF}.Ad-Hoc|Mixed Platforms.ActiveCfg = Ad-Hoc|Any CPU
		{6CEB559B-9C7E-47DE-9A57-AED792AE2FCF}.Ad-Hoc|Mixed Platforms.Build.0 = Ad-Hoc|Any CPU
		{6CEB559B-9C7E-47DE-9A57-AED792AE2FCF}.Ad-Hoc|Mixed Platforms.Deploy.0 = Ad-Hoc|Any CPU
		{6CEB559B-9C7E-47DE-9A57-AED792AE2FCF}.Ad-Hoc|x64.ActiveCfg = Ad-Hoc|Any CPU
		{6CEB559B-9C7E-47DE-9A57-AED792AE2FCF}.Ad-Hoc|x86.ActiveCfg = Ad-Hoc|Any CPU
		{6CEB559B-9C7E-47DE-9A57-AED792AE2FCF}.AppStore|Any CPU.ActiveCfg = AppStore|Any CPU
		{6CEB559B-9C7E-47DE-9A57-AED792AE2FCF}.AppStore|Any CPU.Build.0 = AppStore|Any CPU
		{6CEB559B-9C7E-47DE-9A57-AED792AE2FCF}.AppStore|ARM.ActiveCfg = AppStore|Any CPU
		{6CEB559B-9C7E-47DE-9A57-AED792AE2FCF}.AppStore|iPhone.ActiveCfg = AppStore|iPhone
		{6CEB559B-9C7E-47DE-9A57-AED792AE2FCF}.AppStore|iPhone.Build.0 = AppStore|iPhone
		{6CEB559B-9C7E-47DE-9A57-AED792AE2FCF}.AppStore|iPhoneSimulator.ActiveCfg = AppStore|iPhoneSimulator
		{6CEB559B-9C7E-47DE-9A57-AED792AE2FCF}.AppStore|iPhoneSimulator.Build.0 = AppStore|iPhoneSimulator
		{6CEB559B-9C7E-47DE-9A57-AED792AE2FCF}.AppStore|Mixed Platforms.ActiveCfg = AppStore|Any CPU
		{6CEB559B-9C7E-47DE-9A57-AED792AE2FCF}.AppStore|Mixed Platforms.Build.0 = AppStore|Any CPU
		{6CEB559B-9C7E-47DE-9A57-AED792AE2FCF}.AppStore|Mixed Platforms.Deploy.0 = AppStore|Any CPU
		{6CEB559B-9C7E-47DE-9A57-AED792AE2FCF}.AppStore|x64.ActiveCfg = AppStore|Any CPU
		{6CEB559B-9C7E-47DE-9A57-AED792AE2FCF}.AppStore|x86.ActiveCfg = AppStore|Any CPU
		{6CEB559B-9C7E-47DE-9A57-AED792AE2FCF}.Debug|Any CPU.ActiveCfg = Debug|Any CPU
		{6CEB559B-9C7E-47DE-9A57-AED792AE2FCF}.Debug|Any CPU.Build.0 = Debug|Any CPU
		{6CEB559B-9C7E-47DE-9A57-AED792AE2FCF}.Debug|ARM.ActiveCfg = Debug|Any CPU
		{6CEB559B-9C7E-47DE-9A57-AED792AE2FCF}.Debug|iPhone.ActiveCfg = Debug|iPhone
		{6CEB559B-9C7E-47DE-9A57-AED792AE2FCF}.Debug|iPhone.Build.0 = Debug|iPhone
		{6CEB559B-9C7E-47DE-9A57-AED792AE2FCF}.Debug|iPhoneSimulator.ActiveCfg = Debug|iPhoneSimulator
		{6CEB559B-9C7E-47DE-9A57-AED792AE2FCF}.Debug|Mixed Platforms.ActiveCfg = Debug|Any CPU
		{6CEB559B-9C7E-47DE-9A57-AED792AE2FCF}.Debug|Mixed Platforms.Build.0 = Debug|Any CPU
		{6CEB559B-9C7E-47DE-9A57-AED792AE2FCF}.Debug|Mixed Platforms.Deploy.0 = Debug|Any CPU
		{6CEB559B-9C7E-47DE-9A57-AED792AE2FCF}.Debug|x64.ActiveCfg = Debug|Any CPU
		{6CEB559B-9C7E-47DE-9A57-AED792AE2FCF}.Debug|x86.ActiveCfg = Debug|Any CPU
		{6CEB559B-9C7E-47DE-9A57-AED792AE2FCF}.Release|Any CPU.ActiveCfg = Release|Any CPU
		{6CEB559B-9C7E-47DE-9A57-AED792AE2FCF}.Release|Any CPU.Build.0 = Release|Any CPU
		{6CEB559B-9C7E-47DE-9A57-AED792AE2FCF}.Release|ARM.ActiveCfg = Release|Any CPU
		{6CEB559B-9C7E-47DE-9A57-AED792AE2FCF}.Release|iPhone.ActiveCfg = Release|iPhone
		{6CEB559B-9C7E-47DE-9A57-AED792AE2FCF}.Release|iPhone.Build.0 = Release|iPhone
		{6CEB559B-9C7E-47DE-9A57-AED792AE2FCF}.Release|iPhoneSimulator.ActiveCfg = Release|iPhoneSimulator
		{6CEB559B-9C7E-47DE-9A57-AED792AE2FCF}.Release|iPhoneSimulator.Build.0 = Release|iPhoneSimulator
		{6CEB559B-9C7E-47DE-9A57-AED792AE2FCF}.Release|Mixed Platforms.ActiveCfg = Release|Any CPU
		{6CEB559B-9C7E-47DE-9A57-AED792AE2FCF}.Release|Mixed Platforms.Build.0 = Release|Any CPU
		{6CEB559B-9C7E-47DE-9A57-AED792AE2FCF}.Release|Mixed Platforms.Deploy.0 = Release|Any CPU
		{6CEB559B-9C7E-47DE-9A57-AED792AE2FCF}.Release|x64.ActiveCfg = Release|Any CPU
		{6CEB559B-9C7E-47DE-9A57-AED792AE2FCF}.Release|x86.ActiveCfg = Release|Any CPU
		{10DA012A-9F1C-4498-8108-8FC19369A01D}.Ad-Hoc|Any CPU.ActiveCfg = Debug|Any CPU
		{10DA012A-9F1C-4498-8108-8FC19369A01D}.Ad-Hoc|Any CPU.Build.0 = Debug|Any CPU
		{10DA012A-9F1C-4498-8108-8FC19369A01D}.Ad-Hoc|Any CPU.Deploy.0 = Debug|Any CPU
		{10DA012A-9F1C-4498-8108-8FC19369A01D}.Ad-Hoc|ARM.ActiveCfg = Release|Any CPU
		{10DA012A-9F1C-4498-8108-8FC19369A01D}.Ad-Hoc|iPhone.ActiveCfg = Release|Any CPU
		{10DA012A-9F1C-4498-8108-8FC19369A01D}.Ad-Hoc|iPhone.Build.0 = Release|Any CPU
		{10DA012A-9F1C-4498-8108-8FC19369A01D}.Ad-Hoc|iPhoneSimulator.ActiveCfg = Debug|Any CPU
		{10DA012A-9F1C-4498-8108-8FC19369A01D}.Ad-Hoc|Mixed Platforms.ActiveCfg = Release|Any CPU
		{10DA012A-9F1C-4498-8108-8FC19369A01D}.Ad-Hoc|Mixed Platforms.Build.0 = Release|Any CPU
		{10DA012A-9F1C-4498-8108-8FC19369A01D}.Ad-Hoc|Mixed Platforms.Deploy.0 = Release|Any CPU
		{10DA012A-9F1C-4498-8108-8FC19369A01D}.Ad-Hoc|x64.ActiveCfg = Release|Any CPU
		{10DA012A-9F1C-4498-8108-8FC19369A01D}.Ad-Hoc|x86.ActiveCfg = Release|Any CPU
		{10DA012A-9F1C-4498-8108-8FC19369A01D}.AppStore|Any CPU.ActiveCfg = Debug|Any CPU
		{10DA012A-9F1C-4498-8108-8FC19369A01D}.AppStore|Any CPU.Build.0 = Debug|Any CPU
		{10DA012A-9F1C-4498-8108-8FC19369A01D}.AppStore|Any CPU.Deploy.0 = Debug|Any CPU
		{10DA012A-9F1C-4498-8108-8FC19369A01D}.AppStore|ARM.ActiveCfg = Release|Any CPU
		{10DA012A-9F1C-4498-8108-8FC19369A01D}.AppStore|iPhone.ActiveCfg = Release|Any CPU
		{10DA012A-9F1C-4498-8108-8FC19369A01D}.AppStore|iPhone.Build.0 = Release|Any CPU
		{10DA012A-9F1C-4498-8108-8FC19369A01D}.AppStore|iPhoneSimulator.ActiveCfg = Debug|Any CPU
		{10DA012A-9F1C-4498-8108-8FC19369A01D}.AppStore|Mixed Platforms.ActiveCfg = Release|Any CPU
		{10DA012A-9F1C-4498-8108-8FC19369A01D}.AppStore|Mixed Platforms.Build.0 = Release|Any CPU
		{10DA012A-9F1C-4498-8108-8FC19369A01D}.AppStore|Mixed Platforms.Deploy.0 = Release|Any CPU
		{10DA012A-9F1C-4498-8108-8FC19369A01D}.AppStore|x64.ActiveCfg = Release|Any CPU
		{10DA012A-9F1C-4498-8108-8FC19369A01D}.AppStore|x86.ActiveCfg = Release|Any CPU
		{10DA012A-9F1C-4498-8108-8FC19369A01D}.Debug|Any CPU.ActiveCfg = Debug|Any CPU
		{10DA012A-9F1C-4498-8108-8FC19369A01D}.Debug|Any CPU.Build.0 = Debug|Any CPU
		{10DA012A-9F1C-4498-8108-8FC19369A01D}.Debug|Any CPU.Deploy.0 = Debug|Any CPU
		{10DA012A-9F1C-4498-8108-8FC19369A01D}.Debug|ARM.ActiveCfg = Debug|Any CPU
		{10DA012A-9F1C-4498-8108-8FC19369A01D}.Debug|iPhone.ActiveCfg = Debug|Any CPU
		{10DA012A-9F1C-4498-8108-8FC19369A01D}.Debug|iPhone.Build.0 = Debug|Any CPU
		{10DA012A-9F1C-4498-8108-8FC19369A01D}.Debug|iPhoneSimulator.ActiveCfg = Debug|Any CPU
		{10DA012A-9F1C-4498-8108-8FC19369A01D}.Debug|iPhoneSimulator.Build.0 = Debug|Any CPU
		{10DA012A-9F1C-4498-8108-8FC19369A01D}.Debug|Mixed Platforms.ActiveCfg = Debug|Any CPU
		{10DA012A-9F1C-4498-8108-8FC19369A01D}.Debug|Mixed Platforms.Build.0 = Debug|Any CPU
		{10DA012A-9F1C-4498-8108-8FC19369A01D}.Debug|Mixed Platforms.Deploy.0 = Debug|Any CPU
		{10DA012A-9F1C-4498-8108-8FC19369A01D}.Debug|x64.ActiveCfg = Debug|Any CPU
		{10DA012A-9F1C-4498-8108-8FC19369A01D}.Debug|x86.ActiveCfg = Debug|Any CPU
		{10DA012A-9F1C-4498-8108-8FC19369A01D}.Release|Any CPU.ActiveCfg = Release|Any CPU
		{10DA012A-9F1C-4498-8108-8FC19369A01D}.Release|Any CPU.Build.0 = Release|Any CPU
		{10DA012A-9F1C-4498-8108-8FC19369A01D}.Release|Any CPU.Deploy.0 = Release|Any CPU
		{10DA012A-9F1C-4498-8108-8FC19369A01D}.Release|ARM.ActiveCfg = Release|Any CPU
		{10DA012A-9F1C-4498-8108-8FC19369A01D}.Release|iPhone.ActiveCfg = Release|Any CPU
		{10DA012A-9F1C-4498-8108-8FC19369A01D}.Release|iPhone.Build.0 = Release|Any CPU
		{10DA012A-9F1C-4498-8108-8FC19369A01D}.Release|iPhoneSimulator.ActiveCfg = Release|Any CPU
		{10DA012A-9F1C-4498-8108-8FC19369A01D}.Release|iPhoneSimulator.Build.0 = Release|Any CPU
		{10DA012A-9F1C-4498-8108-8FC19369A01D}.Release|Mixed Platforms.ActiveCfg = Release|Any CPU
		{10DA012A-9F1C-4498-8108-8FC19369A01D}.Release|Mixed Platforms.Build.0 = Release|Any CPU
		{10DA012A-9F1C-4498-8108-8FC19369A01D}.Release|Mixed Platforms.Deploy.0 = Release|Any CPU
		{10DA012A-9F1C-4498-8108-8FC19369A01D}.Release|x64.ActiveCfg = Release|Any CPU
		{10DA012A-9F1C-4498-8108-8FC19369A01D}.Release|x86.ActiveCfg = Release|Any CPU
		{5D95C35F-7364-47EB-982C-62132C2A9677}.Ad-Hoc|Any CPU.ActiveCfg = Release|Any CPU
		{5D95C35F-7364-47EB-982C-62132C2A9677}.Ad-Hoc|Any CPU.Build.0 = Release|Any CPU
		{5D95C35F-7364-47EB-982C-62132C2A9677}.Ad-Hoc|Any CPU.Deploy.0 = Release|Any CPU
		{5D95C35F-7364-47EB-982C-62132C2A9677}.Ad-Hoc|ARM.ActiveCfg = Release|ARM
		{5D95C35F-7364-47EB-982C-62132C2A9677}.Ad-Hoc|ARM.Build.0 = Release|ARM
		{5D95C35F-7364-47EB-982C-62132C2A9677}.Ad-Hoc|ARM.Deploy.0 = Release|ARM
		{5D95C35F-7364-47EB-982C-62132C2A9677}.Ad-Hoc|iPhone.ActiveCfg = Release|Any CPU
		{5D95C35F-7364-47EB-982C-62132C2A9677}.Ad-Hoc|iPhoneSimulator.ActiveCfg = Release|Any CPU
		{5D95C35F-7364-47EB-982C-62132C2A9677}.Ad-Hoc|Mixed Platforms.ActiveCfg = Debug|x86
		{5D95C35F-7364-47EB-982C-62132C2A9677}.Ad-Hoc|Mixed Platforms.Build.0 = Debug|x86
		{5D95C35F-7364-47EB-982C-62132C2A9677}.Ad-Hoc|Mixed Platforms.Deploy.0 = Debug|x86
		{5D95C35F-7364-47EB-982C-62132C2A9677}.Ad-Hoc|x64.ActiveCfg = Release|Any CPU
		{5D95C35F-7364-47EB-982C-62132C2A9677}.Ad-Hoc|x86.ActiveCfg = Release|x86
		{5D95C35F-7364-47EB-982C-62132C2A9677}.Ad-Hoc|x86.Build.0 = Release|x86
		{5D95C35F-7364-47EB-982C-62132C2A9677}.Ad-Hoc|x86.Deploy.0 = Release|x86
		{5D95C35F-7364-47EB-982C-62132C2A9677}.AppStore|Any CPU.ActiveCfg = Release|Any CPU
		{5D95C35F-7364-47EB-982C-62132C2A9677}.AppStore|Any CPU.Build.0 = Release|Any CPU
		{5D95C35F-7364-47EB-982C-62132C2A9677}.AppStore|Any CPU.Deploy.0 = Release|Any CPU
		{5D95C35F-7364-47EB-982C-62132C2A9677}.AppStore|ARM.ActiveCfg = Release|ARM
		{5D95C35F-7364-47EB-982C-62132C2A9677}.AppStore|ARM.Build.0 = Release|ARM
		{5D95C35F-7364-47EB-982C-62132C2A9677}.AppStore|ARM.Deploy.0 = Release|ARM
		{5D95C35F-7364-47EB-982C-62132C2A9677}.AppStore|iPhone.ActiveCfg = Release|Any CPU
		{5D95C35F-7364-47EB-982C-62132C2A9677}.AppStore|iPhoneSimulator.ActiveCfg = Release|Any CPU
		{5D95C35F-7364-47EB-982C-62132C2A9677}.AppStore|Mixed Platforms.ActiveCfg = Debug|x86
		{5D95C35F-7364-47EB-982C-62132C2A9677}.AppStore|Mixed Platforms.Build.0 = Debug|x86
		{5D95C35F-7364-47EB-982C-62132C2A9677}.AppStore|Mixed Platforms.Deploy.0 = Debug|x86
		{5D95C35F-7364-47EB-982C-62132C2A9677}.AppStore|x64.ActiveCfg = Release|Any CPU
		{5D95C35F-7364-47EB-982C-62132C2A9677}.AppStore|x86.ActiveCfg = Release|x86
		{5D95C35F-7364-47EB-982C-62132C2A9677}.AppStore|x86.Build.0 = Release|x86
		{5D95C35F-7364-47EB-982C-62132C2A9677}.AppStore|x86.Deploy.0 = Release|x86
		{5D95C35F-7364-47EB-982C-62132C2A9677}.Debug|Any CPU.ActiveCfg = Debug|Any CPU
		{5D95C35F-7364-47EB-982C-62132C2A9677}.Debug|Any CPU.Build.0 = Debug|Any CPU
		{5D95C35F-7364-47EB-982C-62132C2A9677}.Debug|Any CPU.Deploy.0 = Debug|Any CPU
		{5D95C35F-7364-47EB-982C-62132C2A9677}.Debug|ARM.ActiveCfg = Debug|ARM
		{5D95C35F-7364-47EB-982C-62132C2A9677}.Debug|ARM.Build.0 = Debug|ARM
		{5D95C35F-7364-47EB-982C-62132C2A9677}.Debug|ARM.Deploy.0 = Debug|ARM
		{5D95C35F-7364-47EB-982C-62132C2A9677}.Debug|iPhone.ActiveCfg = Debug|Any CPU
		{5D95C35F-7364-47EB-982C-62132C2A9677}.Debug|iPhoneSimulator.ActiveCfg = Debug|Any CPU
		{5D95C35F-7364-47EB-982C-62132C2A9677}.Debug|Mixed Platforms.ActiveCfg = Debug|x86
		{5D95C35F-7364-47EB-982C-62132C2A9677}.Debug|Mixed Platforms.Build.0 = Debug|x86
		{5D95C35F-7364-47EB-982C-62132C2A9677}.Debug|Mixed Platforms.Deploy.0 = Debug|x86
		{5D95C35F-7364-47EB-982C-62132C2A9677}.Debug|x64.ActiveCfg = Debug|Any CPU
		{5D95C35F-7364-47EB-982C-62132C2A9677}.Debug|x86.ActiveCfg = Debug|x86
		{5D95C35F-7364-47EB-982C-62132C2A9677}.Debug|x86.Build.0 = Debug|x86
		{5D95C35F-7364-47EB-982C-62132C2A9677}.Debug|x86.Deploy.0 = Debug|x86
		{5D95C35F-7364-47EB-982C-62132C2A9677}.Release|Any CPU.ActiveCfg = Release|Any CPU
		{5D95C35F-7364-47EB-982C-62132C2A9677}.Release|Any CPU.Build.0 = Release|Any CPU
		{5D95C35F-7364-47EB-982C-62132C2A9677}.Release|Any CPU.Deploy.0 = Release|Any CPU
		{5D95C35F-7364-47EB-982C-62132C2A9677}.Release|ARM.ActiveCfg = Release|ARM
		{5D95C35F-7364-47EB-982C-62132C2A9677}.Release|ARM.Build.0 = Release|ARM
		{5D95C35F-7364-47EB-982C-62132C2A9677}.Release|ARM.Deploy.0 = Release|ARM
		{5D95C35F-7364-47EB-982C-62132C2A9677}.Release|iPhone.ActiveCfg = Release|Any CPU
		{5D95C35F-7364-47EB-982C-62132C2A9677}.Release|iPhoneSimulator.ActiveCfg = Release|Any CPU
		{5D95C35F-7364-47EB-982C-62132C2A9677}.Release|Mixed Platforms.ActiveCfg = Release|x86
		{5D95C35F-7364-47EB-982C-62132C2A9677}.Release|Mixed Platforms.Build.0 = Release|x86
		{5D95C35F-7364-47EB-982C-62132C2A9677}.Release|Mixed Platforms.Deploy.0 = Release|x86
		{5D95C35F-7364-47EB-982C-62132C2A9677}.Release|x64.ActiveCfg = Release|Any CPU
		{5D95C35F-7364-47EB-982C-62132C2A9677}.Release|x86.ActiveCfg = Release|x86
		{5D95C35F-7364-47EB-982C-62132C2A9677}.Release|x86.Build.0 = Release|x86
		{5D95C35F-7364-47EB-982C-62132C2A9677}.Release|x86.Deploy.0 = Release|x86
		{8CB11AAE-6AD8-47DF-BD2C-725343F2C008}.Ad-Hoc|Any CPU.ActiveCfg = Release|Any CPU
		{8CB11AAE-6AD8-47DF-BD2C-725343F2C008}.Ad-Hoc|Any CPU.Build.0 = Release|Any CPU
		{8CB11AAE-6AD8-47DF-BD2C-725343F2C008}.Ad-Hoc|Any CPU.Deploy.0 = Release|Any CPU
		{8CB11AAE-6AD8-47DF-BD2C-725343F2C008}.Ad-Hoc|ARM.ActiveCfg = Release|ARM
		{8CB11AAE-6AD8-47DF-BD2C-725343F2C008}.Ad-Hoc|ARM.Build.0 = Release|ARM
		{8CB11AAE-6AD8-47DF-BD2C-725343F2C008}.Ad-Hoc|ARM.Deploy.0 = Release|ARM
		{8CB11AAE-6AD8-47DF-BD2C-725343F2C008}.Ad-Hoc|iPhone.ActiveCfg = Release|Any CPU
		{8CB11AAE-6AD8-47DF-BD2C-725343F2C008}.Ad-Hoc|iPhoneSimulator.ActiveCfg = Release|Any CPU
		{8CB11AAE-6AD8-47DF-BD2C-725343F2C008}.Ad-Hoc|Mixed Platforms.ActiveCfg = Debug|x86
		{8CB11AAE-6AD8-47DF-BD2C-725343F2C008}.Ad-Hoc|Mixed Platforms.Build.0 = Debug|x86
		{8CB11AAE-6AD8-47DF-BD2C-725343F2C008}.Ad-Hoc|Mixed Platforms.Deploy.0 = Debug|x86
		{8CB11AAE-6AD8-47DF-BD2C-725343F2C008}.Ad-Hoc|x64.ActiveCfg = Release|x64
		{8CB11AAE-6AD8-47DF-BD2C-725343F2C008}.Ad-Hoc|x64.Build.0 = Release|x64
		{8CB11AAE-6AD8-47DF-BD2C-725343F2C008}.Ad-Hoc|x64.Deploy.0 = Release|x64
		{8CB11AAE-6AD8-47DF-BD2C-725343F2C008}.Ad-Hoc|x86.ActiveCfg = Release|x86
		{8CB11AAE-6AD8-47DF-BD2C-725343F2C008}.Ad-Hoc|x86.Build.0 = Release|x86
		{8CB11AAE-6AD8-47DF-BD2C-725343F2C008}.Ad-Hoc|x86.Deploy.0 = Release|x86
		{8CB11AAE-6AD8-47DF-BD2C-725343F2C008}.AppStore|Any CPU.ActiveCfg = Release|Any CPU
		{8CB11AAE-6AD8-47DF-BD2C-725343F2C008}.AppStore|Any CPU.Build.0 = Release|Any CPU
		{8CB11AAE-6AD8-47DF-BD2C-725343F2C008}.AppStore|Any CPU.Deploy.0 = Release|Any CPU
		{8CB11AAE-6AD8-47DF-BD2C-725343F2C008}.AppStore|ARM.ActiveCfg = Release|ARM
		{8CB11AAE-6AD8-47DF-BD2C-725343F2C008}.AppStore|ARM.Build.0 = Release|ARM
		{8CB11AAE-6AD8-47DF-BD2C-725343F2C008}.AppStore|ARM.Deploy.0 = Release|ARM
		{8CB11AAE-6AD8-47DF-BD2C-725343F2C008}.AppStore|iPhone.ActiveCfg = Release|Any CPU
		{8CB11AAE-6AD8-47DF-BD2C-725343F2C008}.AppStore|iPhoneSimulator.ActiveCfg = Release|Any CPU
		{8CB11AAE-6AD8-47DF-BD2C-725343F2C008}.AppStore|Mixed Platforms.ActiveCfg = Debug|x86
		{8CB11AAE-6AD8-47DF-BD2C-725343F2C008}.AppStore|Mixed Platforms.Build.0 = Debug|x86
		{8CB11AAE-6AD8-47DF-BD2C-725343F2C008}.AppStore|Mixed Platforms.Deploy.0 = Debug|x86
		{8CB11AAE-6AD8-47DF-BD2C-725343F2C008}.AppStore|x64.ActiveCfg = Release|x64
		{8CB11AAE-6AD8-47DF-BD2C-725343F2C008}.AppStore|x64.Build.0 = Release|x64
		{8CB11AAE-6AD8-47DF-BD2C-725343F2C008}.AppStore|x64.Deploy.0 = Release|x64
		{8CB11AAE-6AD8-47DF-BD2C-725343F2C008}.AppStore|x86.ActiveCfg = Release|x86
		{8CB11AAE-6AD8-47DF-BD2C-725343F2C008}.AppStore|x86.Build.0 = Release|x86
		{8CB11AAE-6AD8-47DF-BD2C-725343F2C008}.AppStore|x86.Deploy.0 = Release|x86
		{8CB11AAE-6AD8-47DF-BD2C-725343F2C008}.Debug|Any CPU.ActiveCfg = Debug|Any CPU
		{8CB11AAE-6AD8-47DF-BD2C-725343F2C008}.Debug|Any CPU.Build.0 = Debug|Any CPU
		{8CB11AAE-6AD8-47DF-BD2C-725343F2C008}.Debug|Any CPU.Deploy.0 = Debug|Any CPU
		{8CB11AAE-6AD8-47DF-BD2C-725343F2C008}.Debug|ARM.ActiveCfg = Debug|ARM
		{8CB11AAE-6AD8-47DF-BD2C-725343F2C008}.Debug|ARM.Build.0 = Debug|ARM
		{8CB11AAE-6AD8-47DF-BD2C-725343F2C008}.Debug|ARM.Deploy.0 = Debug|ARM
		{8CB11AAE-6AD8-47DF-BD2C-725343F2C008}.Debug|iPhone.ActiveCfg = Debug|Any CPU
		{8CB11AAE-6AD8-47DF-BD2C-725343F2C008}.Debug|iPhoneSimulator.ActiveCfg = Debug|Any CPU
		{8CB11AAE-6AD8-47DF-BD2C-725343F2C008}.Debug|Mixed Platforms.ActiveCfg = Debug|x86
		{8CB11AAE-6AD8-47DF-BD2C-725343F2C008}.Debug|Mixed Platforms.Build.0 = Debug|x86
		{8CB11AAE-6AD8-47DF-BD2C-725343F2C008}.Debug|Mixed Platforms.Deploy.0 = Debug|x86
		{8CB11AAE-6AD8-47DF-BD2C-725343F2C008}.Debug|x64.ActiveCfg = Debug|x64
		{8CB11AAE-6AD8-47DF-BD2C-725343F2C008}.Debug|x64.Build.0 = Debug|x64
		{8CB11AAE-6AD8-47DF-BD2C-725343F2C008}.Debug|x64.Deploy.0 = Debug|x64
		{8CB11AAE-6AD8-47DF-BD2C-725343F2C008}.Debug|x86.ActiveCfg = Debug|x86
		{8CB11AAE-6AD8-47DF-BD2C-725343F2C008}.Debug|x86.Build.0 = Debug|x86
		{8CB11AAE-6AD8-47DF-BD2C-725343F2C008}.Debug|x86.Deploy.0 = Debug|x86
		{8CB11AAE-6AD8-47DF-BD2C-725343F2C008}.Release|Any CPU.ActiveCfg = Release|Any CPU
		{8CB11AAE-6AD8-47DF-BD2C-725343F2C008}.Release|Any CPU.Build.0 = Release|Any CPU
		{8CB11AAE-6AD8-47DF-BD2C-725343F2C008}.Release|Any CPU.Deploy.0 = Release|Any CPU
		{8CB11AAE-6AD8-47DF-BD2C-725343F2C008}.Release|ARM.ActiveCfg = Release|ARM
		{8CB11AAE-6AD8-47DF-BD2C-725343F2C008}.Release|ARM.Build.0 = Release|ARM
		{8CB11AAE-6AD8-47DF-BD2C-725343F2C008}.Release|ARM.Deploy.0 = Release|ARM
		{8CB11AAE-6AD8-47DF-BD2C-725343F2C008}.Release|iPhone.ActiveCfg = Release|Any CPU
		{8CB11AAE-6AD8-47DF-BD2C-725343F2C008}.Release|iPhoneSimulator.ActiveCfg = Release|Any CPU
		{8CB11AAE-6AD8-47DF-BD2C-725343F2C008}.Release|Mixed Platforms.ActiveCfg = Release|x86
		{8CB11AAE-6AD8-47DF-BD2C-725343F2C008}.Release|Mixed Platforms.Build.0 = Release|x86
		{8CB11AAE-6AD8-47DF-BD2C-725343F2C008}.Release|Mixed Platforms.Deploy.0 = Release|x86
		{8CB11AAE-6AD8-47DF-BD2C-725343F2C008}.Release|x64.ActiveCfg = Release|x64
		{8CB11AAE-6AD8-47DF-BD2C-725343F2C008}.Release|x64.Build.0 = Release|x64
		{8CB11AAE-6AD8-47DF-BD2C-725343F2C008}.Release|x64.Deploy.0 = Release|x64
		{8CB11AAE-6AD8-47DF-BD2C-725343F2C008}.Release|x86.ActiveCfg = Release|x86
		{8CB11AAE-6AD8-47DF-BD2C-725343F2C008}.Release|x86.Build.0 = Release|x86
		{8CB11AAE-6AD8-47DF-BD2C-725343F2C008}.Release|x86.Deploy.0 = Release|x86
		{61341F97-A67F-440D-9917-98BC9F8A724E}.Ad-Hoc|Any CPU.ActiveCfg = Release|Any CPU
		{61341F97-A67F-440D-9917-98BC9F8A724E}.Ad-Hoc|Any CPU.Build.0 = Release|Any CPU
		{61341F97-A67F-440D-9917-98BC9F8A724E}.Ad-Hoc|ARM.ActiveCfg = Release|Any CPU
		{61341F97-A67F-440D-9917-98BC9F8A724E}.Ad-Hoc|iPhone.ActiveCfg = Release|Any CPU
		{61341F97-A67F-440D-9917-98BC9F8A724E}.Ad-Hoc|iPhoneSimulator.ActiveCfg = Release|Any CPU
		{61341F97-A67F-440D-9917-98BC9F8A724E}.Ad-Hoc|Mixed Platforms.ActiveCfg = Release|Any CPU
		{61341F97-A67F-440D-9917-98BC9F8A724E}.Ad-Hoc|Mixed Platforms.Build.0 = Release|Any CPU
		{61341F97-A67F-440D-9917-98BC9F8A724E}.Ad-Hoc|x64.ActiveCfg = Release|Any CPU
		{61341F97-A67F-440D-9917-98BC9F8A724E}.Ad-Hoc|x86.ActiveCfg = Release|Any CPU
		{61341F97-A67F-440D-9917-98BC9F8A724E}.AppStore|Any CPU.ActiveCfg = Release|Any CPU
		{61341F97-A67F-440D-9917-98BC9F8A724E}.AppStore|Any CPU.Build.0 = Release|Any CPU
		{61341F97-A67F-440D-9917-98BC9F8A724E}.AppStore|ARM.ActiveCfg = Release|Any CPU
		{61341F97-A67F-440D-9917-98BC9F8A724E}.AppStore|iPhone.ActiveCfg = Release|Any CPU
		{61341F97-A67F-440D-9917-98BC9F8A724E}.AppStore|iPhoneSimulator.ActiveCfg = Release|Any CPU
		{61341F97-A67F-440D-9917-98BC9F8A724E}.AppStore|Mixed Platforms.ActiveCfg = Release|Any CPU
		{61341F97-A67F-440D-9917-98BC9F8A724E}.AppStore|Mixed Platforms.Build.0 = Release|Any CPU
		{61341F97-A67F-440D-9917-98BC9F8A724E}.AppStore|x64.ActiveCfg = Release|Any CPU
		{61341F97-A67F-440D-9917-98BC9F8A724E}.AppStore|x86.ActiveCfg = Release|Any CPU
		{61341F97-A67F-440D-9917-98BC9F8A724E}.Debug|Any CPU.ActiveCfg = Debug|Any CPU
		{61341F97-A67F-440D-9917-98BC9F8A724E}.Debug|Any CPU.Build.0 = Debug|Any CPU
		{61341F97-A67F-440D-9917-98BC9F8A724E}.Debug|ARM.ActiveCfg = Debug|Any CPU
		{61341F97-A67F-440D-9917-98BC9F8A724E}.Debug|iPhone.ActiveCfg = Debug|Any CPU
		{61341F97-A67F-440D-9917-98BC9F8A724E}.Debug|iPhoneSimulator.ActiveCfg = Debug|Any CPU
		{61341F97-A67F-440D-9917-98BC9F8A724E}.Debug|Mixed Platforms.ActiveCfg = Debug|Any CPU
		{61341F97-A67F-440D-9917-98BC9F8A724E}.Debug|Mixed Platforms.Build.0 = Debug|Any CPU
		{61341F97-A67F-440D-9917-98BC9F8A724E}.Debug|x64.ActiveCfg = Debug|Any CPU
		{61341F97-A67F-440D-9917-98BC9F8A724E}.Debug|x86.ActiveCfg = Debug|Any CPU
		{61341F97-A67F-440D-9917-98BC9F8A724E}.Release|Any CPU.ActiveCfg = Release|Any CPU
		{61341F97-A67F-440D-9917-98BC9F8A724E}.Release|Any CPU.Build.0 = Release|Any CPU
		{61341F97-A67F-440D-9917-98BC9F8A724E}.Release|ARM.ActiveCfg = Release|Any CPU
		{61341F97-A67F-440D-9917-98BC9F8A724E}.Release|iPhone.ActiveCfg = Release|Any CPU
		{61341F97-A67F-440D-9917-98BC9F8A724E}.Release|iPhoneSimulator.ActiveCfg = Release|Any CPU
		{61341F97-A67F-440D-9917-98BC9F8A724E}.Release|Mixed Platforms.ActiveCfg = Release|Any CPU
		{61341F97-A67F-440D-9917-98BC9F8A724E}.Release|Mixed Platforms.Build.0 = Release|Any CPU
		{61341F97-A67F-440D-9917-98BC9F8A724E}.Release|x64.ActiveCfg = Release|Any CPU
		{61341F97-A67F-440D-9917-98BC9F8A724E}.Release|x86.ActiveCfg = Release|Any CPU
	EndGlobalSection
	GlobalSection(SolutionProperties) = preSolution
		HideSolutionNode = FALSE
	EndGlobalSection
	GlobalSection(MonoDevelopProperties) = preSolution
		StartupItem = MasterDetail.Droid\MasterDetail.Droid.csproj
	EndGlobalSection
EndGlobal
